
Microsoft Visual Studio Solution File, Format Version 12.00
Project("{FAE04EC0-301F-11D3-BF4B-00C04F79EFBC}") = "Data_Structures_Implementations_API", "Data_Structures_Implementations_API\Data_Structures_Implementations_API.csproj", "{8713B6B4-A0A4-4C65-9C46-BDF71E9C7791}"
EndProject
Global
	GlobalSection(SolutionConfigurationPlatforms) = preSolution
		Debug|Any CPU = Debug|Any CPU
		Release|Any CPU = Release|Any CPU
	EndGlobalSection
	GlobalSection(ProjectConfigurationPlatforms) = postSolution
		{8713B6B4-A0A4-4C65-9C46-BDF71E9C7791}.Debug|Any CPU.ActiveCfg = Debug|Any CPU
		{8713B6B4-A0A4-4C65-9C46-BDF71E9C7791}.Debug|Any CPU.Build.0 = Debug|Any CPU
		{8713B6B4-A0A4-4C65-9C46-BDF71E9C7791}.Release|Any CPU.ActiveCfg = Release|Any CPU
		{8713B6B4-A0A4-4C65-9C46-BDF71E9C7791}.Release|Any CPU.Build.0 = Release|Any CPU
	EndGlobalSection
EndGlobal
